
Microsoft Visual Studio Solution File, Format Version 12.00
# Visual Studio Version 16
VisualStudioVersion = 16.0.31515.178
MinimumVisualStudioVersion = 10.0.40219.1
Project("{FAE04EC0-301F-11D3-BF4B-00C04F79EFBC}") = "MoodAnalysesWithCore", "MoodAnalysesWithCore\MoodAnalysesWithCore.csproj", "{32011B5A-CA72-4B02-827F-D81F2C47AECA}"
EndProject
Project("{FAE04EC0-301F-11D3-BF4B-00C04F79EFBC}") = "MoodAnalyzerCheck", "MoodAnalyzerCheck\MoodAnalyzerCheck.csproj", "{943F8AF3-7C23-4165-B791-AAAA899DABE9}"
EndProject
Global
	GlobalSection(SolutionConfigurationPlatforms) = preSolution
		Debug|Any CPU = Debug|Any CPU
		Release|Any CPU = Release|Any CPU
	EndGlobalSection
	GlobalSection(ProjectConfigurationPlatforms) = postSolution
		{32011B5A-CA72-4B02-827F-D81F2C47AECA}.Debug|Any CPU.ActiveCfg = Debug|Any CPU
		{32011B5A-CA72-4B02-827F-D81F2C47AECA}.Debug|Any CPU.Build.0 = Debug|Any CPU
		{32011B5A-CA72-4B02-827F-D81F2C47AECA}.Release|Any CPU.ActiveCfg = Release|Any CPU
		{32011B5A-CA72-4B02-827F-D81F2C47AECA}.Release|Any CPU.Build.0 = Release|Any CPU
		{943F8AF3-7C23-4165-B791-AAAA899DABE9}.Debug|Any CPU.ActiveCfg = Debug|Any CPU
		{943F8AF3-7C23-4165-B791-AAAA899DABE9}.Debug|Any CPU.Build.0 = Debug|Any CPU
		{943F8AF3-7C23-4165-B791-AAAA899DABE9}.Release|Any CPU.ActiveCfg = Release|Any CPU
		{943F8AF3-7C23-4165-B791-AAAA899DABE9}.Release|Any CPU.Build.0 = Release|Any CPU
	EndGlobalSection
	GlobalSection(SolutionProperties) = preSolution
		HideSolutionNode = FALSE
	EndGlobalSection
	GlobalSection(ExtensibilityGlobals) = postSolution
		SolutionGuid = {B49DE3A6-075C-436C-8870-A134705D4098}
	EndGlobalSection
EndGlobal
